// !$*UTF8*$!
{
	archiveVersion = 1;
	classes = {
	};
	objectVersion = 46;
	objects = {

/* Begin PBXBuildFile section */
		F68A70B021E0E62600100C0A /* Circuit.cpp in Sources */ = {isa = PBXBuildFile; fileRef = F68A70AE21E0E62600100C0A /* Circuit.cpp */; };
		F6FB595221D6774C00A3C59E /* VectorRace.cpp in Sources */ = {isa = PBXBuildFile; fileRef = F6FB595021D6774C00A3C59E /* VectorRace.cpp */; };
		F6FB595421D677D500A3C59E /* main.cpp in Sources */ = {isa = PBXBuildFile; fileRef = F6FB595321D677D500A3C59E /* main.cpp */; };
		F6FB595721D6805700A3C59E /* SDL2_image.framework in Frameworks */ = {isa = PBXBuildFile; fileRef = F6FB595521D6805700A3C59E /* SDL2_image.framework */; };
		F6FB595821D6805700A3C59E /* SDL2.framework in Frameworks */ = {isa = PBXBuildFile; fileRef = F6FB595621D6805700A3C59E /* SDL2.framework */; };
		F6FB595B21D685F700A3C59E /* graphics.cpp in Sources */ = {isa = PBXBuildFile; fileRef = F6FB595921D685F700A3C59E /* graphics.cpp */; };
		F6FB595E21D68C4500A3C59E /* Vector.cpp in Sources */ = {isa = PBXBuildFile; fileRef = F6FB595C21D68C4500A3C59E /* Vector.cpp */; };
		F6FB596121D68FD100A3C59E /* Player.cpp in Sources */ = {isa = PBXBuildFile; fileRef = F6FB595F21D68FD100A3C59E /* Player.cpp */; };
/* End PBXBuildFile section */

/* Begin PBXCopyFilesBuildPhase section */
		F656E81121D5738C009A31E3 /* CopyFiles */ = {
			isa = PBXCopyFilesBuildPhase;
			buildActionMask = 2147483647;
			dstPath = /usr/share/man/man1/;
			dstSubfolderSpec = 0;
			files = (
			);
			runOnlyForDeploymentPostprocessing = 1;
		};
/* End PBXCopyFilesBuildPhase section */

/* Begin PBXFileReference section */
		F656E81321D5738C009A31E3 /* Vector Race */ = {isa = PBXFileReference; explicitFileType = "compiled.mach-o.executable"; includeInIndex = 0; path = "Vector Race"; sourceTree = BUILT_PRODUCTS_DIR; };
		F68A70AE21E0E62600100C0A /* Circuit.cpp */ = {isa = PBXFileReference; fileEncoding = 4; lastKnownFileType = sourcecode.cpp.cpp; name = Circuit.cpp; path = code/Circuit.cpp; sourceTree = "<group>"; };
		F68A70AF21E0E62600100C0A /* Circuit.h */ = {isa = PBXFileReference; fileEncoding = 4; lastKnownFileType = sourcecode.c.h; name = Circuit.h; path = code/Circuit.h; sourceTree = "<group>"; };
		F68A70B121E10A7D00100C0A /* Test_Circuit.png */ = {isa = PBXFileReference; lastKnownFileType = image.png; name = Test_Circuit.png; path = resources/Test_Circuit.png; sourceTree = "<group>"; };
		F6C991FE21E0DC1400D2BBF7 /* Globals.h */ = {isa = PBXFileReference; lastKnownFileType = sourcecode.c.h; name = Globals.h; path = code/Globals.h; sourceTree = "<group>"; };
		F6FB595021D6774C00A3C59E /* VectorRace.cpp */ = {isa = PBXFileReference; fileEncoding = 4; lastKnownFileType = sourcecode.cpp.cpp; lineEnding = 0; name = VectorRace.cpp; path = code/VectorRace.cpp; sourceTree = "<group>"; xcLanguageSpecificationIdentifier = xcode.lang.cpp; };
		F6FB595121D6774C00A3C59E /* VectorRace.h */ = {isa = PBXFileReference; fileEncoding = 4; lastKnownFileType = sourcecode.c.h; name = VectorRace.h; path = code/VectorRace.h; sourceTree = "<group>"; };
		F6FB595321D677D500A3C59E /* main.cpp */ = {isa = PBXFileReference; fileEncoding = 4; lastKnownFileType = sourcecode.cpp.cpp; name = main.cpp; path = code/main.cpp; sourceTree = "<group>"; };
		F6FB595521D6805700A3C59E /* SDL2_image.framework */ = {isa = PBXFileReference; lastKnownFileType = wrapper.framework; name = SDL2_image.framework; path = ../../../../Library/Frameworks/SDL2_image.framework; sourceTree = "<group>"; };
		F6FB595621D6805700A3C59E /* SDL2.framework */ = {isa = PBXFileReference; lastKnownFileType = wrapper.framework; name = SDL2.framework; path = ../../../../Library/Frameworks/SDL2.framework; sourceTree = "<group>"; };
		F6FB595921D685F700A3C59E /* graphics.cpp */ = {isa = PBXFileReference; fileEncoding = 4; lastKnownFileType = sourcecode.cpp.cpp; lineEnding = 0; name = graphics.cpp; path = code/graphics.cpp; sourceTree = "<group>"; xcLanguageSpecificationIdentifier = xcode.lang.cpp; };
		F6FB595A21D685F700A3C59E /* graphics.h */ = {isa = PBXFileReference; fileEncoding = 4; lastKnownFileType = sourcecode.c.h; lineEnding = 0; name = graphics.h; path = code/graphics.h; sourceTree = "<group>"; xcLanguageSpecificationIdentifier = xcode.lang.objcpp; };
		F6FB595C21D68C4500A3C59E /* Vector.cpp */ = {isa = PBXFileReference; fileEncoding = 4; lastKnownFileType = sourcecode.cpp.cpp; name = Vector.cpp; path = code/Vector.cpp; sourceTree = "<group>"; };
		F6FB595D21D68C4500A3C59E /* Vector.h */ = {isa = PBXFileReference; fileEncoding = 4; lastKnownFileType = sourcecode.c.h; name = Vector.h; path = code/Vector.h; sourceTree = "<group>"; };
		F6FB595F21D68FD100A3C59E /* Player.cpp */ = {isa = PBXFileReference; fileEncoding = 4; lastKnownFileType = sourcecode.cpp.cpp; name = Player.cpp; path = code/Player.cpp; sourceTree = "<group>"; };
		F6FB596021D68FD100A3C59E /* Player.h */ = {isa = PBXFileReference; fileEncoding = 4; lastKnownFileType = sourcecode.c.h; name = Player.h; path = code/Player.h; sourceTree = "<group>"; };
/* End PBXFileReference section */

/* Begin PBXFrameworksBuildPhase section */
		F656E81021D5738C009A31E3 /* Frameworks */ = {
			isa = PBXFrameworksBuildPhase;
			buildActionMask = 2147483647;
			files = (
				F6FB595721D6805700A3C59E /* SDL2_image.framework in Frameworks */,
				F6FB595821D6805700A3C59E /* SDL2.framework in Frameworks */,
			);
			runOnlyForDeploymentPostprocessing = 0;
		};
/* End PBXFrameworksBuildPhase section */

/* Begin PBXGroup section */
		F656E80A21D5738C009A31E3 = {
			isa = PBXGroup;
			children = (
				F6FB595521D6805700A3C59E /* SDL2_image.framework */,
				F6FB595621D6805700A3C59E /* SDL2.framework */,
				F656E81521D5738C009A31E3 /* Vector Race */,
				F656E81421D5738C009A31E3 /* Products */,
			);
			sourceTree = "<group>";
		};
		F656E81421D5738C009A31E3 /* Products */ = {
			isa = PBXGroup;
			children = (
				F656E81321D5738C009A31E3 /* Vector Race */,
			);
			name = Products;
			sourceTree = "<group>";
		};
		F656E81521D5738C009A31E3 /* Vector Race */ = {
			isa = PBXGroup;
			children = (
				F6C991FD21E0CF8A00D2BBF7 /* resources */,
				F6C991FE21E0DC1400D2BBF7 /* Globals.h */,
				F68A70AE21E0E62600100C0A /* Circuit.cpp */,
				F68A70AF21E0E62600100C0A /* Circuit.h */,
				F6FB595921D685F700A3C59E /* graphics.cpp */,
				F6FB595A21D685F700A3C59E /* graphics.h */,
				F6FB595321D677D500A3C59E /* main.cpp */,
				F6FB595021D6774C00A3C59E /* VectorRace.cpp */,
				F6FB595121D6774C00A3C59E /* VectorRace.h */,
				F6FB595C21D68C4500A3C59E /* Vector.cpp */,
				F6FB595D21D68C4500A3C59E /* Vector.h */,
				F6FB595F21D68FD100A3C59E /* Player.cpp */,
				F6FB596021D68FD100A3C59E /* Player.h */,
			);
			path = "Vector Race";
			sourceTree = "<group>";
		};
		F6C991FD21E0CF8A00D2BBF7 /* resources */ = {
			isa = PBXGroup;
			children = (
				F68A70B121E10A7D00100C0A /* Test_Circuit.png */,
			);
			name = resources;
			sourceTree = "<group>";
		};
/* End PBXGroup section */

/* Begin PBXNativeTarget section */
		F656E81221D5738C009A31E3 /* Vector Race */ = {
			isa = PBXNativeTarget;
			buildConfigurationList = F656E81A21D5738C009A31E3 /* Build configuration list for PBXNativeTarget "Vector Race" */;
			buildPhases = (
				F656E80F21D5738C009A31E3 /* Sources */,
				F656E81021D5738C009A31E3 /* Frameworks */,
				F656E81121D5738C009A31E3 /* CopyFiles */,
			);
			buildRules = (
			);
			dependencies = (
			);
			name = "Vector Race";
			productName = "Vector Race";
			productReference = F656E81321D5738C009A31E3 /* Vector Race */;
			productType = "com.apple.product-type.tool";
		};
/* End PBXNativeTarget section */

/* Begin PBXProject section */
		F656E80B21D5738C009A31E3 /* Project object */ = {
			isa = PBXProject;
			attributes = {
				LastUpgradeCheck = 0620;
				ORGANIZATIONNAME = "José Moreno";
				TargetAttributes = {
					F656E81221D5738C009A31E3 = {
						CreatedOnToolsVersion = 6.2;
					};
				};
			};
			buildConfigurationList = F656E80E21D5738C009A31E3 /* Build configuration list for PBXProject "Vector Race" */;
			compatibilityVersion = "Xcode 3.2";
			developmentRegion = English;
			hasScannedForEncodings = 0;
			knownRegions = (
				en,
			);
			mainGroup = F656E80A21D5738C009A31E3;
			productRefGroup = F656E81421D5738C009A31E3 /* Products */;
			projectDirPath = "";
			projectRoot = "";
			targets = (
				F656E81221D5738C009A31E3 /* Vector Race */,
			);
		};
/* End PBXProject section */

/* Begin PBXSourcesBuildPhase section */
		F656E80F21D5738C009A31E3 /* Sources */ = {
			isa = PBXSourcesBuildPhase;
			buildActionMask = 2147483647;
			files = (
				F6FB595421D677D500A3C59E /* main.cpp in Sources */,
				F6FB595221D6774C00A3C59E /* VectorRace.cpp in Sources */,
				F6FB595E21D68C4500A3C59E /* Vector.cpp in Sources */,
				F6FB595B21D685F700A3C59E /* graphics.cpp in Sources */,
				F6FB596121D68FD100A3C59E /* Player.cpp in Sources */,
				F68A70B021E0E62600100C0A /* Circuit.cpp in Sources */,
			);
			runOnlyForDeploymentPostprocessing = 0;
		};
/* End PBXSourcesBuildPhase section */

/* Begin XCBuildConfiguration section */
		F656E81821D5738C009A31E3 /* Debug */ = {
			isa = XCBuildConfiguration;
			buildSettings = {
				ALWAYS_SEARCH_USER_PATHS = NO;
				CLANG_CXX_LANGUAGE_STANDARD = "gnu++0x";
				CLANG_CXX_LIBRARY = "libc++";
				CLANG_ENABLE_MODULES = YES;
				CLANG_ENABLE_OBJC_ARC = YES;
				CLANG_WARN_BOOL_CONVERSION = YES;
				CLANG_WARN_CONSTANT_CONVERSION = YES;
				CLANG_WARN_DIRECT_OBJC_ISA_USAGE = YES_ERROR;
				CLANG_WARN_EMPTY_BODY = YES;
				CLANG_WARN_ENUM_CONVERSION = YES;
				CLANG_WARN_INT_CONVERSION = YES;
				CLANG_WARN_OBJC_ROOT_CLASS = YES_ERROR;
				CLANG_WARN_UNREACHABLE_CODE = YES;
				CLANG_WARN__DUPLICATE_METHOD_MATCH = YES;
				COPY_PHASE_STRIP = NO;
				ENABLE_STRICT_OBJC_MSGSEND = YES;
				GCC_C_LANGUAGE_STANDARD = gnu99;
				GCC_DYNAMIC_NO_PIC = NO;
				GCC_OPTIMIZATION_LEVEL = 0;
				GCC_PREPROCESSOR_DEFINITIONS = (
					"DEBUG=1",
					"$(inherited)",
				);
				GCC_SYMBOLS_PRIVATE_EXTERN = NO;
				GCC_WARN_64_TO_32_BIT_CONVERSION = YES;
				GCC_WARN_ABOUT_RETURN_TYPE = YES_ERROR;
				GCC_WARN_UNDECLARED_SELECTOR = YES;
				GCC_WARN_UNINITIALIZED_AUTOS = YES_AGGRESSIVE;
				GCC_WARN_UNUSED_FUNCTION = YES;
				GCC_WARN_UNUSED_VARIABLE = YES;
				MACOSX_DEPLOYMENT_TARGET = 10.9;
				MTL_ENABLE_DEBUG_INFO = YES;
				ONLY_ACTIVE_ARCH = YES;
				SDKROOT = macosx;
			};
			name = Debug;
		};
		F656E81921D5738C009A31E3 /* Release */ = {
			isa = XCBuildConfiguration;
			buildSettings = {
				ALWAYS_SEARCH_USER_PATHS = NO;
				CLANG_CXX_LANGUAGE_STANDARD = "gnu++0x";
				CLANG_CXX_LIBRARY = "libc++";
				CLANG_ENABLE_MODULES = YES;
				CLANG_ENABLE_OBJC_ARC = YES;
				CLANG_WARN_BOOL_CONVERSION = YES;
				CLANG_WARN_CONSTANT_CONVERSION = YES;
				CLANG_WARN_DIRECT_OBJC_ISA_USAGE = YES_ERROR;
				CLANG_WARN_EMPTY_BODY = YES;
				CLANG_WARN_ENUM_CONVERSION = YES;
				CLANG_WARN_INT_CONVERSION = YES;
				CLANG_WARN_OBJC_ROOT_CLASS = YES_ERROR;
				CLANG_WARN_UNREACHABLE_CODE = YES;
				CLANG_WARN__DUPLICATE_METHOD_MATCH = YES;
				COPY_PHASE_STRIP = NO;
				DEBUG_INFORMATION_FORMAT = "dwarf-with-dsym";
				ENABLE_NS_ASSERTIONS = NO;
				ENABLE_STRICT_OBJC_MSGSEND = YES;
				GCC_C_LANGUAGE_STANDARD = gnu99;
				GCC_WARN_64_TO_32_BIT_CONVERSION = YES;
				GCC_WARN_ABOUT_RETURN_TYPE = YES_ERROR;
				GCC_WARN_UNDECLARED_SELECTOR = YES;
				GCC_WARN_UNINITIALIZED_AUTOS = YES_AGGRESSIVE;
				GCC_WARN_UNUSED_FUNCTION = YES;
				GCC_WARN_UNUSED_VARIABLE = YES;
				MACOSX_DEPLOYMENT_TARGET = 10.9;
				MTL_ENABLE_DEBUG_INFO = NO;
				SDKROOT = macosx;
			};
			name = Release;
		};
		F656E81B21D5738C009A31E3 /* Debug */ = {
			isa = XCBuildConfiguration;
			buildSettings = {
				FRAMEWORK_SEARCH_PATHS = "$(USER_LIBRARY_DIR)/Frameworks";
				PRODUCT_NAME = "$(TARGET_NAME)";
			};
			name = Debug;
		};
		F656E81C21D5738C009A31E3 /* Release */ = {
			isa = XCBuildConfiguration;
			buildSettings = {
				FRAMEWORK_SEARCH_PATHS = "$(USER_LIBRARY_DIR)/Frameworks";
				PRODUCT_NAME = "$(TARGET_NAME)";
			};
			name = Release;
		};
/* End XCBuildConfiguration section */

/* Begin XCConfigurationList section */
		F656E80E21D5738C009A31E3 /* Build configuration list for PBXProject "Vector Race" */ = {
			isa = XCConfigurationList;
			buildConfigurations = (
				F656E81821D5738C009A31E3 /* Debug */,
				F656E81921D5738C009A31E3 /* Release */,
			);
			defaultConfigurationIsVisible = 0;
			defaultConfigurationName = Release;
		};
		F656E81A21D5738C009A31E3 /* Build configuration list for PBXNativeTarget "Vector Race" */ = {
			isa = XCConfigurationList;
			buildConfigurations = (
				F656E81B21D5738C009A31E3 /* Debug */,
				F656E81C21D5738C009A31E3 /* Release */,
			);
			defaultConfigurationIsVisible = 0;
			defaultConfigurationName = Release;
		};
/* End XCConfigurationList section */
	};
	rootObject = F656E80B21D5738C009A31E3 /* Project object */;
}
